{
  "name": "Intro-Python",
  "version": "1.0.0",
  "lockfileVersion": 1,
  "requires": true,
  "dependencies": {
    "xterm": {
      "version": "3.8.0",
      "resolved": "https://registry.npmjs.org/xterm/-/xterm-3.8.0.tgz",
      "integrity": "sha512-rS3HLryuMWbLsv98+jVVSUXCxmoyXPwqwJNC0ad0VSMdXgl65LefPztQVwfurkaF7kM7ZSgM8eJjnJ9kkdoR1w=="
    }
  }
}
